Microsoft Visual Studio Solution File, Format Version 12.00
# Visual Studio Version 17
VisualStudioVersion = 17.5.2.0
MinimumVisualStudioVersion = 10.0.40219.1
Project("{FAE04EC0-301F-11D3-BF4B-00C04F79EFBC}") = "LSOL", "LSOL.csproj", "{C729B8D2-C808-0039-DF55-CD8A4DDF03CF}"
EndProject
Global
	GlobalSection(SolutionConfigurationPlatforms) = preSolution
		Debug|Any CPU = Debug|Any CPU
		Release|Any CPU = Release|Any CPU
	EndGlobalSection
	GlobalSection(ProjectConfigurationPlatforms) = postSolution
		{C729B8D2-C808-0039-DF55-CD8A4DDF03CF}.Debug|Any CPU.ActiveCfg = Debug|Any CPU
		{C729B8D2-C808-0039-DF55-CD8A4DDF03CF}.Debug|Any CPU.Build.0 = Debug|Any CPU
		{C729B8D2-C808-0039-DF55-CD8A4DDF03CF}.Release|Any CPU.ActiveCfg = Release|Any CPU
		{C729B8D2-C808-0039-DF55-CD8A4DDF03CF}.Release|Any CPU.Build.0 = Release|Any CPU
	EndGlobalSection
	GlobalSection(SolutionProperties) = preSolution
		HideSolutionNode = FALSE
	EndGlobalSection
	GlobalSection(ExtensibilityGlobals) = postSolution
		SolutionGuid = {0D767435-EBDB-4E69-B98A-DF9CAFED180A}
	EndGlobalSection
EndGlobal
